// !$*UTF8*$!
{
	archiveVersion = 1;
	classes = {
	};
	objectVersion = 77;
	objects = {

/* Begin PBXBuildFile section */
		242FE4832E00C2E700645A93 /* .gitignore in Resources */ = {isa = PBXBuildFile; fileRef = 242FE4822E00C2DC00645A93 /* .gitignore */; };
		242FE4852E00C45900645A93 /* README.md in Resources */ = {isa = PBXBuildFile; fileRef = 242FE4842E00C44800645A93 /* README.md */; };
/* End PBXBuildFile section */

/* Begin PBXContainerItemProxy section */
		242FE45A2DFF668400645A93 /* PBXContainerItemProxy */ = {
			isa = PBXContainerItemProxy;
			containerPortal = 242FE4442DFF668200645A93 /* Project object */;
			proxyType = 1;
			remoteGlobalIDString = 242FE44B2DFF668200645A93;
			remoteInfo = "Password Manager";
		};
		242FE4642DFF668400645A93 /* PBXContainerItemProxy */ = {
			isa = PBXContainerItemProxy;
			containerPortal = 242FE4442DFF668200645A93 /* Project object */;
			proxyType = 1;
			remoteGlobalIDString = 242FE44B2DFF668200645A93;
			remoteInfo = "Password Manager";
		};
/* End PBXContainerItemProxy section */

/* Begin PBXFileReference section */
		242FE44C2DFF668200645A93 /* Password Manager.app */ = {isa = PBXFileReference; explicitFileType = wrapper.application; includeInIndex = 0; path = "Password Manager.app"; sourceTree = BUILT_PRODUCTS_DIR; };
		242FE4592DFF668400645A93 /* Password ManagerTests.xctest */ = {isa = PBXFileReference; explicitFileType = wrapper.cfbundle; includeInIndex = 0; path = "Password ManagerTests.xctest"; sourceTree = BUILT_PRODUCTS_DIR; };
		242FE4632DFF668400645A93 /* Password ManagerUITests.xctest */ = {isa = PBXFileReference; explicitFileType = wrapper.cfbundle; includeInIndex = 0; path = "Password ManagerUITests.xctest"; sourceTree = BUILT_PRODUCTS_DIR; };
		242FE4822E00C2DC00645A93 /* .gitignore */ = {isa = PBXFileReference; lastKnownFileType = text; path = .gitignore; sourceTree = "<group>"; };
		242FE4842E00C44800645A93 /* README.md */ = {isa = PBXFileReference; lastKnownFileType = net.daringfireball.markdown; path = README.md; sourceTree = "<group>"; };
/* End PBXFileReference section */

/* Begin PBXFileSystemSynchronizedRootGroup section */
		242FE44E2DFF668200645A93 /* Password Manager */ = {
			isa = PBXFileSystemSynchronizedRootGroup;
			path = "Password Manager";
			sourceTree = "<group>";
		};
		242FE45C2DFF668400645A93 /* Password ManagerTests */ = {
			isa = PBXFileSystemSynchronizedRootGroup;
			path = "Password ManagerTests";
			sourceTree = "<group>";
		};
		242FE4662DFF668400645A93 /* Password ManagerUITests */ = {
			isa = PBXFileSystemSynchronizedRootGroup;
			path = "Password ManagerUITests";
			sourceTree = "<group>";
		};
/* End PBXFileSystemSynchronizedRootGroup section */

/* Begin PBXFrameworksBuildPhase section */
		242FE4492DFF668200645A93 /* Frameworks */ = {
			isa = PBXFrameworksBuildPhase;
			buildActionMask = 2147483647;
			files = (
			);
			runOnlyForDeploymentPostprocessing = 0;
		};
		242FE4562DFF668400645A93 /* Frameworks */ = {
			isa = PBXFrameworksBuildPhase;
			buildActionMask = 2147483647;
			files = (
			);
			runOnlyForDeploymentPostprocessing = 0;
		};
		242FE4602DFF668400645A93 /* Frameworks */ = {
			isa = PBXFrameworksBuildPhase;
			buildActionMask = 2147483647;
			files = (
			);
			runOnlyForDeploymentPostprocessing = 0;
		};
/* End PBXFrameworksBuildPhase section */

/* Begin PBXGroup section */
		242FE4432DFF668200645A93 = {
			isa = PBXGroup;
			children = (
				242FE44E2DFF668200645A93 /* Password Manager */,
				242FE45C2DFF668400645A93 /* Password ManagerTests */,
				242FE4662DFF668400645A93 /* Password ManagerUITests */,
				242FE44D2DFF668200645A93 /* Products */,
				242FE4822E00C2DC00645A93 /* .gitignore */,
				242FE4842E00C44800645A93 /* README.md */,
			);
			sourceTree = "<group>";
		};
		242FE44D2DFF668200645A93 /* Products */ = {
			isa = PBXGroup;
			children = (
				242FE44C2DFF668200645A93 /* Password Manager.app */,
				242FE4592DFF668400645A93 /* Password ManagerTests.xctest */,
				242FE4632DFF668400645A93 /* Password ManagerUITests.xctest */,
			);
			name = Products;
			sourceTree = "<group>";
		};
/* End PBXGroup section */

/* Begin PBXNativeTarget section */
		242FE44B2DFF668200645A93 /* Password Manager */ = {
			isa = PBXNativeTarget;
			buildConfigurationList = 242FE46D2DFF668400645A93 /* Build configuration list for PBXNativeTarget "Password Manager" */;
			buildPhases = (
				242FE4482DFF668200645A93 /* Sources */,
				242FE4492DFF668200645A93 /* Frameworks */,
				242FE44A2DFF668200645A93 /* Resources */,
			);
			buildRules = (
			);
			dependencies = (
			);
			fileSystemSynchronizedGroups = (
				242FE44E2DFF668200645A93 /* Password Manager */,
			);
			name = "Password Manager";
			packageProductDependencies = (
			);
			productName = "Password Manager";
			productReference = 242FE44C2DFF668200645A93 /* Password Manager.app */;
			productType = "com.apple.product-type.application";
		};
		242FE4582DFF668400645A93 /* Password ManagerTests */ = {
			isa = PBXNativeTarget;
			buildConfigurationList = 242FE4702DFF668400645A93 /* Build configuration list for PBXNativeTarget "Password ManagerTests" */;
			buildPhases = (
				242FE4552DFF668400645A93 /* Sources */,
				242FE4562DFF668400645A93 /* Frameworks */,
				242FE4572DFF668400645A93 /* Resources */,
			);
			buildRules = (
			);
			dependencies = (
				242FE45B2DFF668400645A93 /* PBXTargetDependency */,
			);
			fileSystemSynchronizedGroups = (
				242FE45C2DFF668400645A93 /* Password ManagerTests */,
			);
			name = "Password ManagerTests";
			packageProductDependencies = (
			);
			productName = "Password ManagerTests";
			productReference = 242FE4592DFF668400645A93 /* Password ManagerTests.xctest */;
			productType = "com.apple.product-type.bundle.unit-test";
		};
		242FE4622DFF668400645A93 /* Password ManagerUITests */ = {
			isa = PBXNativeTarget;
			buildConfigurationList = 242FE4732DFF668400645A93 /* Build configuration list for PBXNativeTarget "Password ManagerUITests" */;
			buildPhases = (
				242FE45F2DFF668400645A93 /* Sources */,
				242FE4602DFF668400645A93 /* Frameworks */,
				242FE4612DFF668400645A93 /* Resources */,
			);
			buildRules = (
			);
			dependencies = (
				242FE4652DFF668400645A93 /* PBXTargetDependency */,
			);
			fileSystemSynchronizedGroups = (
				242FE4662DFF668400645A93 /* Password ManagerUITests */,
			);
			name = "Password ManagerUITests";
			packageProductDependencies = (
			);
			productName = "Password ManagerUITests";
			productReference = 242FE4632DFF668400645A93 /* Password ManagerUITests.xctest */;
			productType = "com.apple.product-type.bundle.ui-testing";
		};
/* End PBXNativeTarget section */

/* Begin PBXProject section */
		242FE4442DFF668200645A93 /* Project object */ = {
			isa = PBXProject;
			attributes = {
				BuildIndependentTargetsInParallel = 1;
				LastSwiftUpdateCheck = 1640;
				LastUpgradeCheck = 1640;
				TargetAttributes = {
					242FE44B2DFF668200645A93 = {
						CreatedOnToolsVersion = 16.4;
					};
					242FE4582DFF668400645A93 = {
						CreatedOnToolsVersion = 16.4;
						TestTargetID = 242FE44B2DFF668200645A93;
					};
					242FE4622DFF668400645A93 = {
						CreatedOnToolsVersion = 16.4;
						TestTargetID = 242FE44B2DFF668200645A93;
					};
				};
			};
			buildConfigurationList = 242FE4472DFF668200645A93 /* Build configuration list for PBXProject "Password Manager" */;
			developmentRegion = en;
			hasScannedForEncodings = 0;
			knownRegions = (
				en,
				Base,
			);
			mainGroup = 242FE4432DFF668200645A93;
			minimizedProjectReferenceProxies = 1;
			preferredProjectObjectVersion = 77;
			productRefGroup = 242FE44D2DFF668200645A93 /* Products */;
			projectDirPath = "";
			projectRoot = "";
			targets = (
				242FE44B2DFF668200645A93 /* Password Manager */,
				242FE4582DFF668400645A93 /* Password ManagerTests */,
				242FE4622DFF668400645A93 /* Password ManagerUITests */,
			);
		};
/* End PBXProject section */

/* Begin PBXResourcesBuildPhase section */
		242FE44A2DFF668200645A93 /* Resources */ = {
			isa = PBXResourcesBuildPhase;
			buildActionMask = 2147483647;
			files = (
				242FE4852E00C45900645A93 /* README.md in Resources */,
				242FE4832E00C2E700645A93 /* .gitignore in Resources */,
			);
			runOnlyForDeploymentPostprocessing = 0;
		};
		242FE4572DFF668400645A93 /* Resources */ = {
			isa = PBXResourcesBuildPhase;
			buildActionMask = 2147483647;
			files = (
			);
			runOnlyForDeploymentPostprocessing = 0;
		};
		242FE4612DFF668400645A93 /* Resources */ = {
			isa = PBXResourcesBuildPhase;
			buildActionMask = 2147483647;
			files = (
			);
			runOnlyForDeploymentPostprocessing = 0;
		};
/* End PBXResourcesBuildPhase section */

/* Begin PBXSourcesBuildPhase section */
		242FE4482DFF668200645A93 /* Sources */ = {
			isa = PBXSourcesBuildPhase;
			buildActionMask = 2147483647;
			files = (
			);
			runOnlyForDeploymentPostprocessing = 0;
		};
		242FE4552DFF668400645A93 /* Sources */ = {
			isa = PBXSourcesBuildPhase;
			buildActionMask = 2147483647;
			files = (
			);
			runOnlyForDeploymentPostprocessing = 0;
		};
		242FE45F2DFF668400645A93 /* Sources */ = {
			isa = PBXSourcesBuildPhase;
			buildActionMask = 2147483647;
			files = (
			);
			runOnlyForDeploymentPostprocessing = 0;
		};
/* End PBXSourcesBuildPhase section */

/* Begin PBXTargetDependency section */
		242FE45B2DFF668400645A93 /* PBXTargetDependency */ = {
			isa = PBXTargetDependency;
			target = 242FE44B2DFF668200645A93 /* Password Manager */;
			targetProxy = 242FE45A2DFF668400645A93 /* PBXContainerItemProxy */;
		};
		242FE4652DFF668400645A93 /* PBXTargetDependency */ = {
			isa = PBXTargetDependency;
			target = 242FE44B2DFF668200645A93 /* Password Manager */;
			targetProxy = 242FE4642DFF668400645A93 /* PBXContainerItemProxy */;
		};
/* End PBXTargetDependency section */

/* Begin XCBuildConfiguration section */
		242FE46B2DFF668400645A93 /* Debug */ = {
			isa = XCBuildConfiguration;
			buildSettings = {
				ALWAYS_SEARCH_USER_PATHS = NO;
				ASSETCATALOG_COMPILER_GENERATE_SWIFT_ASSET_SYMBOL_EXTENSIONS = YES;
				CLANG_ANALYZER_NONNULL = YES;
				CLANG_ANALYZER_NUMBER_OBJECT_CONVERSION = YES_AGGRESSIVE;
				CLANG_CXX_LANGUAGE_STANDARD = "gnu++20";
				CLANG_ENABLE_MODULES = YES;
				CLANG_ENABLE_OBJC_ARC = YES;
				CLANG_ENABLE_OBJC_WEAK = YES;
				CLANG_WARN_BLOCK_CAPTURE_AUTORELEASING = YES;
				CLANG_WARN_BOOL_CONVERSION = YES;
				CLANG_WARN_COMMA = YES;
				CLANG_WARN_CONSTANT_CONVERSION = YES;
				CLANG_WARN_DEPRECATED_OBJC_IMPLEMENTATIONS = YES;
				CLANG_WARN_DIRECT_OBJC_ISA_USAGE = YES_ERROR;
				CLANG_WARN_DOCUMENTATION_COMMENTS = YES;
				CLANG_WARN_EMPTY_BODY = YES;
				CLANG_WARN_ENUM_CONVERSION = YES;
				CLANG_WARN_INFINITE_RECURSION = YES;
				CLANG_WARN_INT_CONVERSION = YES;
				CLANG_WARN_NON_LITERAL_NULL_CONVERSION = YES;
				CLANG_WARN_OBJC_IMPLICIT_RETAIN_SELF = YES;
				CLANG_WARN_OBJC_LITERAL_CONVERSION = YES;
				CLANG_WARN_OBJC_ROOT_CLASS = YES_ERROR;
				CLANG_WARN_QUOTED_INCLUDE_IN_FRAMEWORK_HEADER = YES;
				CLANG_WARN_RANGE_LOOP_ANALYSIS = YES;
				CLANG_WARN_STRICT_PROTOTYPES = YES;
				CLANG_WARN_SUSPICIOUS_MOVE = YES;
				CLANG_WARN_UNGUARDED_AVAILABILITY = YES_AGGRESSIVE;
				CLANG_WARN_UNREACHABLE_CODE = YES;
				CLANG_WARN__DUPLICATE_METHOD_MATCH = YES;
				COPY_PHASE_STRIP = NO;
				DEBUG_INFORMATION_FORMAT = dwarf;
				DEVELOPMENT_TEAM = 4CRF7C8DLA;
				ENABLE_STRICT_OBJC_MSGSEND = YES;
				ENABLE_TESTABILITY = YES;
				ENABLE_USER_SCRIPT_SANDBOXING = YES;
				GCC_C_LANGUAGE_STANDARD = gnu17;
				GCC_DYNAMIC_NO_PIC = NO;
				GCC_NO_COMMON_BLOCKS = YES;
				GCC_OPTIMIZATION_LEVEL = 0;
				GCC_PREPROCESSOR_DEFINITIONS = (
					"DEBUG=1",
					"$(inherited)",
				);
				GCC_WARN_64_TO_32_BIT_CONVERSION = YES;
				GCC_WARN_ABOUT_RETURN_TYPE = YES_ERROR;
				GCC_WARN_UNDECLARED_SELECTOR = YES;
				GCC_WARN_UNINITIALIZED_AUTOS = YES_AGGRESSIVE;
				GCC_WARN_UNUSED_FUNCTION = YES;
				GCC_WARN_UNUSED_VARIABLE = YES;
				IPHONEOS_DEPLOYMENT_TARGET = 18.5;
				LOCALIZATION_PREFERS_STRING_CATALOGS = YES;
				MTL_ENABLE_DEBUG_INFO = INCLUDE_SOURCE;
				MTL_FAST_MATH = YES;
				ONLY_ACTIVE_ARCH = YES;
				SDKROOT = iphoneos;
				SWIFT_ACTIVE_COMPILATION_CONDITIONS = "DEBUG $(inherited)";
				SWIFT_OPTIMIZATION_LEVEL = "-Onone";
			};
			name = Debug;
		};
		242FE46C2DFF668400645A93 /* Release */ = {
			isa = XCBuildConfiguration;
			buildSettings = {
				ALWAYS_SEARCH_USER_PATHS = NO;
				ASSETCATALOG_COMPILER_GENERATE_SWIFT_ASSET_SYMBOL_EXTENSIONS = YES;
				CLANG_ANALYZER_NONNULL = YES;
				CLANG_ANALYZER_NUMBER_OBJECT_CONVERSION = YES_AGGRESSIVE;
				CLANG_CXX_LANGUAGE_STANDARD = "gnu++20";
				CLANG_ENABLE_MODULES = YES;
				CLANG_ENABLE_OBJC_ARC = YES;
				CLANG_ENABLE_OBJC_WEAK = YES;
				CLANG_WARN_BLOCK_CAPTURE_AUTORELEASING = YES;
				CLANG_WARN_BOOL_CONVERSION = YES;
				CLANG_WARN_COMMA = YES;
				CLANG_WARN_CONSTANT_CONVERSION = YES;
				CLANG_WARN_DEPRECATED_OBJC_IMPLEMENTATIONS = YES;
				CLANG_WARN_DIRECT_OBJC_ISA_USAGE = YES_ERROR;
				CLANG_WARN_DOCUMENTATION_COMMENTS = YES;
				CLANG_WARN_EMPTY_BODY = YES;
				CLANG_WARN_ENUM_CONVERSION = YES;
				CLANG_WARN_INFINITE_RECURSION = YES;
				CLANG_WARN_INT_CONVERSION = YES;
				CLANG_WARN_NON_LITERAL_NULL_CONVERSION = YES;
				CLANG_WARN_OBJC_IMPLICIT_RETAIN_SELF = YES;
				CLANG_WARN_OBJC_LITERAL_CONVERSION = YES;
				CLANG_WARN_OBJC_ROOT_CLASS = YES_ERROR;
				CLANG_WARN_QUOTED_INCLUDE_IN_FRAMEWORK_HEADER = YES;
				CLANG_WARN_RANGE_LOOP_ANALYSIS = YES;
				CLANG_WARN_STRICT_PROTOTYPES = YES;
				CLANG_WARN_SUSPICIOUS_MOVE = YES;
				CLANG_WARN_UNGUARDED_AVAILABILITY = YES_AGGRESSIVE;
				CLANG_WARN_UNREACHABLE_CODE = YES;
				CLANG_WARN__DUPLICATE_METHOD_MATCH = YES;
				COPY_PHASE_STRIP = NO;
				DEBUG_INFORMATION_FORMAT = "dwarf-with-dsym";
				DEVELOPMENT_TEAM = 4CRF7C8DLA;
				ENABLE_NS_ASSERTIONS = NO;
				ENABLE_STRICT_OBJC_MSGSEND = YES;
				ENABLE_USER_SCRIPT_SANDBOXING = YES;
				GCC_C_LANGUAGE_STANDARD = gnu17;
				GCC_NO_COMMON_BLOCKS = YES;
				GCC_WARN_64_TO_32_BIT_CONVERSION = YES;
				GCC_WARN_ABOUT_RETURN_TYPE = YES_ERROR;
				GCC_WARN_UNDECLARED_SELECTOR = YES;
				GCC_WARN_UNINITIALIZED_AUTOS = YES_AGGRESSIVE;
				GCC_WARN_UNUSED_FUNCTION = YES;
				GCC_WARN_UNUSED_VARIABLE = YES;
				IPHONEOS_DEPLOYMENT_TARGET = 18.5;
				LOCALIZATION_PREFERS_STRING_CATALOGS = YES;
				MTL_ENABLE_DEBUG_INFO = NO;
				MTL_FAST_MATH = YES;
				SDKROOT = iphoneos;
				SWIFT_COMPILATION_MODE = wholemodule;
				VALIDATE_PRODUCT = YES;
			};
			name = Release;
		};
		242FE46E2DFF668400645A93 /* Debug */ = {
			isa = XCBuildConfiguration;
			buildSettings = {
				ASSETCATALOG_COMPILER_APPICON_NAME = AppIcon;
				ASSETCATALOG_COMPILER_GLOBAL_ACCENT_COLOR_NAME = AccentColor;
				CODE_SIGN_STYLE = Automatic;
				CURRENT_PROJECT_VERSION = 1;
				DEVELOPMENT_TEAM = 4CRF7C8DLA;
				ENABLE_PREVIEWS = YES;
				GENERATE_INFOPLIST_FILE = YES;
				INFOPLIST_KEY_UIApplicationSceneManifest_Generation = YES;
				INFOPLIST_KEY_UIApplicationSupportsIndirectInputEvents = YES;
				INFOPLIST_KEY_UILaunchScreen_Generation = YES;
				INFOPLIST_KEY_UISupportedInterfaceOrientations_iPad = "UIInterfaceOrientationPortrait UIInterfaceOrientationPortraitUpsideDown UIInterfaceOrientationLandscapeLeft UIInterfaceOrientationLandscapeRight";
				INFOPLIST_KEY_UISupportedInterfaceOrientations_iPhone = "UIInterfaceOrientationPortrait UIInterfaceOrientationLandscapeLeft UIInterfaceOrientationLandscapeRight";
				LD_RUNPATH_SEARCH_PATHS = (
					"$(inherited)",
					"@executable_path/Frameworks",
				);
				MARKETING_VERSION = 1.0;
				PRODUCT_BUNDLE_IDENTIFIER = "com.Password-Manager.Password-Manager";
				PRODUCT_NAME = "$(TARGET_NAME)";
				SWIFT_EMIT_LOC_STRINGS = YES;
				SWIFT_VERSION = 5.0;
				TARGETED_DEVICE_FAMILY = "1,2";
			};
			name = Debug;
		};
		242FE46F2DFF668400645A93 /* Release */ = {
			isa = XCBuildConfiguration;
			buildSettings = {
				ASSETCATALOG_COMPILER_APPICON_NAME = AppIcon;
				ASSETCATALOG_COMPILER_GLOBAL_ACCENT_COLOR_NAME = AccentColor;
				CODE_SIGN_STYLE = Automatic;
				CURRENT_PROJECT_VERSION = 1;
				DEVELOPMENT_TEAM = 4CRF7C8DLA;
				ENABLE_PREVIEWS = YES;
				GENERATE_INFOPLIST_FILE = YES;
				INFOPLIST_KEY_UIApplicationSceneManifest_Generation = YES;
				INFOPLIST_KEY_UIApplicationSupportsIndirectInputEvents = YES;
				INFOPLIST_KEY_UILaunchScreen_Generation = YES;
				INFOPLIST_KEY_UISupportedInterfaceOrientations_iPad = "UIInterfaceOrientationPortrait UIInterfaceOrientationPortraitUpsideDown UIInterfaceOrientationLandscapeLeft UIInterfaceOrientationLandscapeRight";
				INFOPLIST_KEY_UISupportedInterfaceOrientations_iPhone = "UIInterfaceOrientationPortrait UIInterfaceOrientationLandscapeLeft UIInterfaceOrientationLandscapeRight";
				LD_RUNPATH_SEARCH_PATHS = (
					"$(inherited)",
					"@executable_path/Frameworks",
				);
				MARKETING_VERSION = 1.0;
				PRODUCT_BUNDLE_IDENTIFIER = "com.Password-Manager.Password-Manager";
				PRODUCT_NAME = "$(TARGET_NAME)";
				SWIFT_EMIT_LOC_STRINGS = YES;
				SWIFT_VERSION = 5.0;
				TARGETED_DEVICE_FAMILY = "1,2";
			};
			name = Release;
		};
		242FE4712DFF668400645A93 /* Debug */ = {
			isa = XCBuildConfiguration;
			buildSettings = {
				BUNDLE_LOADER = "$(TEST_HOST)";
				CODE_SIGN_STYLE = Automatic;
				CURRENT_PROJECT_VERSION = 1;
				DEVELOPMENT_TEAM = 4CRF7C8DLA;
				GENERATE_INFOPLIST_FILE = YES;
				IPHONEOS_DEPLOYMENT_TARGET = 18.5;
				MARKETING_VERSION = 1.0;
				PRODUCT_BUNDLE_IDENTIFIER = "com.Password-Manager.Password-ManagerTests";
				PRODUCT_NAME = "$(TARGET_NAME)";
				SWIFT_EMIT_LOC_STRINGS = NO;
				SWIFT_VERSION = 5.0;
				TARGETED_DEVICE_FAMILY = "1,2";
				TEST_HOST = "$(BUILT_PRODUCTS_DIR)/Password Manager.app/$(BUNDLE_EXECUTABLE_FOLDER_PATH)/Password Manager";
			};
			name = Debug;
		};
		242FE4722DFF668400645A93 /* Release */ = {
			isa = XCBuildConfiguration;
			buildSettings = {
				BUNDLE_LOADER = "$(TEST_HOST)";
				CODE_SIGN_STYLE = Automatic;
				CURRENT_PROJECT_VERSION = 1;
				DEVELOPMENT_TEAM = 4CRF7C8DLA;
				GENERATE_INFOPLIST_FILE = YES;
				IPHONEOS_DEPLOYMENT_TARGET = 18.5;
				MARKETING_VERSION = 1.0;
				PRODUCT_BUNDLE_IDENTIFIER = "com.Password-Manager.Password-ManagerTests";
				PRODUCT_NAME = "$(TARGET_NAME)";
				SWIFT_EMIT_LOC_STRINGS = NO;
				SWIFT_VERSION = 5.0;
				TARGETED_DEVICE_FAMILY = "1,2";
				TEST_HOST = "$(BUILT_PRODUCTS_DIR)/Password Manager.app/$(BUNDLE_EXECUTABLE_FOLDER_PATH)/Password Manager";
			};
			name = Release;
		};
		242FE4742DFF668400645A93 /* Debug */ = {
			isa = XCBuildConfiguration;
			buildSettings = {
				CODE_SIGN_STYLE = Automatic;
				CURRENT_PROJECT_VERSION = 1;
				DEVELOPMENT_TEAM = 4CRF7C8DLA;
				GENERATE_INFOPLIST_FILE = YES;
				MARKETING_VERSION = 1.0;
				PRODUCT_BUNDLE_IDENTIFIER = "com.Password-Manager.Password-ManagerUITests";
				PRODUCT_NAME = "$(TARGET_NAME)";
				SWIFT_EMIT_LOC_STRINGS = NO;
				SWIFT_VERSION = 5.0;
				TARGETED_DEVICE_FAMILY = "1,2";
				TEST_TARGET_NAME = "Password Manager";
			};
			name = Debug;
		};
		242FE4752DFF668400645A93 /* Release */ = {
			isa = XCBuildConfiguration;
			buildSettings = {
				CODE_SIGN_STYLE = Automatic;
				CURRENT_PROJECT_VERSION = 1;
				DEVELOPMENT_TEAM = 4CRF7C8DLA;
				GENERATE_INFOPLIST_FILE = YES;
				MARKETING_VERSION = 1.0;
				PRODUCT_BUNDLE_IDENTIFIER = "com.Password-Manager.Password-ManagerUITests";
				PRODUCT_NAME = "$(TARGET_NAME)";
				SWIFT_EMIT_LOC_STRINGS = NO;
				SWIFT_VERSION = 5.0;
				TARGETED_DEVICE_FAMILY = "1,2";
				TEST_TARGET_NAME = "Password Manager";
			};
			name = Release;
		};
/* End XCBuildConfiguration section */

/* Begin XCConfigurationList section */
		242FE4472DFF668200645A93 /* Build configuration list for PBXProject "Password Manager" */ = {
			isa = XCConfigurationList;
			buildConfigurations = (
				242FE46B2DFF668400645A93 /* Debug */,
				242FE46C2DFF668400645A93 /* Release */,
			);
			defaultConfigurationIsVisible = 0;
			defaultConfigurationName = Release;
		};
		242FE46D2DFF668400645A93 /* Build configuration list for PBXNativeTarget "Password Manager" */ = {
			isa = XCConfigurationList;
			buildConfigurations = (
				242FE46E2DFF668400645A93 /* Debug */,
				242FE46F2DFF668400645A93 /* Release */,
			);
			defaultConfigurationIsVisible = 0;
			defaultConfigurationName = Release;
		};
		242FE4702DFF668400645A93 /* Build configuration list for PBXNativeTarget "Password ManagerTests" */ = {
			isa = XCConfigurationList;
			buildConfigurations = (
				242FE4712DFF668400645A93 /* Debug */,
				242FE4722DFF668400645A93 /* Release */,
			);
			defaultConfigurationIsVisible = 0;
			defaultConfigurationName = Release;
		};
		242FE4732DFF668400645A93 /* Build configuration list for PBXNativeTarget "Password ManagerUITests" */ = {
			isa = XCConfigurationList;
			buildConfigurations = (
				242FE4742DFF668400645A93 /* Debug */,
				242FE4752DFF668400645A93 /* Release */,
			);
			defaultConfigurationIsVisible = 0;
			defaultConfigurationName = Release;
		};
/* End XCConfigurationList section */
	};
	rootObject = 242FE4442DFF668200645A93 /* Project object */;
}
